
Microsoft Visual Studio Solution File, Format Version 12.00
# Visual Studio Version 17
VisualStudioVersion = 17.7.34202.233
MinimumVisualStudioVersion = 10.0.40219.1
Project("{FAE04EC0-301F-11D3-BF4B-00C04F79EFBC}") = "Tinh chi so can nang co the", "Tinh chi so can nang co the.csproj", "{D4CD8639-FFCB-4C48-BFB4-7E254A742CA2}"
EndProject
Global
	GlobalSection(SolutionConfigurationPlatforms) = preSolution
		Debug|Any CPU = Debug|Any CPU
		Release|Any CPU = Release|Any CPU
	EndGlobalSection
	GlobalSection(ProjectConfigurationPlatforms) = postSolution
		{D4CD8639-FFCB-4C48-BFB4-7E254A742CA2}.Debug|Any CPU.ActiveCfg = Debug|Any CPU
		{D4CD8639-FFCB-4C48-BFB4-7E254A742CA2}.Debug|Any CPU.Build.0 = Debug|Any CPU
		{D4CD8639-FFCB-4C48-BFB4-7E254A742CA2}.Release|Any CPU.ActiveCfg = Release|Any CPU
		{D4CD8639-FFCB-4C48-BFB4-7E254A742CA2}.Release|Any CPU.Build.0 = Release|Any CPU
	EndGlobalSection
	GlobalSection(SolutionProperties) = preSolution
		HideSolutionNode = FALSE
	EndGlobalSection
	GlobalSection(ExtensibilityGlobals) = postSolution
		SolutionGuid = {7C4BF9B4-7591-4B19-A847-D8E5938CCACE}
	EndGlobalSection
EndGlobal
